PODS:
  - Alamofire (5.6.2)
  - AvailableHapticFeedback (1.0.2)
  - Cosmos (23.0.0)
  - KeychainAccess (4.2.2)
  - Kingfisher (6.3.1)
  - Locksmith (4.0.0)
  - MultiSlider (1.13.1):
    - AvailableHapticFeedback
    - SweeterSwift
  - SkeletonView (1.29.2)
  - SnapKit (5.6.0)
  - SweeterSwift (1.2.1)
  - SwiftKeychainWrapper (4.0.1)
  - TinyConstraints (4.0.2)

DEPENDENCIES:
  - Alamofire
  - Cosmos
  - KeychainAccess
  - Kingfisher
  - Locksmith
  - MultiSlider
  - SkeletonView
  - SnapKit
  - SwiftKeychainWrapper
  - TinyConstraints

SPEC REPOS:
  https://github.com/CocoaPods/Specs.git:
    - Alamofire
    - Cosmos
    - KeychainAccess
    - Kingfisher
    - Locksmith
    - SwiftKeychainWrapper
    - TinyConstraints
  trunk:
    - AvailableHapticFeedback
    - MultiSlider
    - SkeletonView
    - SnapKit
    - SweeterSwift

SPEC CHECKSUMS:
  Alamofire: d368e1ff8a298e6dde360e35a3e68e6c610e7204
  AvailableHapticFeedback: 9b21b9f6d3e4566015988b5de35b40abefe6c09a
  Cosmos: b5c6a9a637e28a061b54c8f8b1d8529d7d4db73f
  KeychainAccess: c0c4f7f38f6fc7bbe58f5702e25f7bd2f65abf51
  Kingfisher: 016c8b653a35add51dd34a3aba36b580041acc74
  Locksmith: e9bebbaaa4cee3c511bc358a44f843c3fe00e21f
  MultiSlider: 0be12939497499d0e7b9f94f4429e9084e406b0b
  SkeletonView: 915a80ecc2b6421ab7ac0f0212321c0cc1406472
  SnapKit: e01d52ebb8ddbc333eefe2132acf85c8227d9c25
  SweeterSwift: 61baeda1c0c27d1dc57c8112c3d6a82e5aff3139
  SwiftKeychainWrapper: 807ba1d63c33a7d0613288512399cd1eda1e470c
  TinyConstraints: 7b7ccc0c485bb3bb47082138ff28bc33cd49897f

PODFILE CHECKSUM: fb1453267e346f94d1f70691ec61d79998a30d67

COCOAPODS: 1.11.3
